
Microsoft Visual Studio Solution File, Format Version 12.00
# Visual Studio Version 17
VisualStudioVersion = 17.4.33205.214
MinimumVisualStudioVersion = 10.0.40219.1
Project("{FAE04EC0-301F-11D3-BF4B-00C04F79EFBC}") = "Миллионер homework 14.04.2023", "Миллионер homework 14.04.2023.csproj", "{C14EF6F6-8CE1-40B4-9C18-E81F4ABC5B0C}"
EndProject
Global
	GlobalSection(SolutionConfigurationPlatforms) = preSolution
		Debug|Any CPU = Debug|Any CPU
		Release|Any CPU = Release|Any CPU
	EndGlobalSection
	GlobalSection(ProjectConfigurationPlatforms) = postSolution
		{C14EF6F6-8CE1-40B4-9C18-E81F4ABC5B0C}.Debug|Any CPU.ActiveCfg = Debug|Any CPU
		{C14EF6F6-8CE1-40B4-9C18-E81F4ABC5B0C}.Debug|Any CPU.Build.0 = Debug|Any CPU
		{C14EF6F6-8CE1-40B4-9C18-E81F4ABC5B0C}.Release|Any CPU.ActiveCfg = Release|Any CPU
		{C14EF6F6-8CE1-40B4-9C18-E81F4ABC5B0C}.Release|Any CPU.Build.0 = Release|Any CPU
	EndGlobalSection
	GlobalSection(SolutionProperties) = preSolution
		HideSolutionNode = FALSE
	EndGlobalSection
	GlobalSection(ExtensibilityGlobals) = postSolution
		SolutionGuid = {EDA9B1BD-5C93-4200-9CC7-1276D3D0666E}
	EndGlobalSection
EndGlobal
